// !$*UTF8*$!
{
	archiveVersion = 1;
	classes = {
	};
	objectVersion = 50;
	objects = {

/* Begin PBXBuildFile section */
		9509E33E22BFE0C1000C9F50 /* UITabBar+Extensions.swift in Sources */ = {isa = PBXBuildFile; fileRef = 9509E33D22BFE0C1000C9F50 /* UITabBar+Extensions.swift */; };
		9509E34022BFE97C000C9F50 /* UIView+Extensions.swift in Sources */ = {isa = PBXBuildFile; fileRef = 9509E33F22BFE97C000C9F50 /* UIView+Extensions.swift */; };
		9509E34222BFEE4E000C9F50 /* AchievementCategoryCell.swift in Sources */ = {isa = PBXBuildFile; fileRef = 9509E34122BFEE4E000C9F50 /* AchievementCategoryCell.swift */; };
		9509E34422C00B8E000C9F50 /* Array+Extensions.swift in Sources */ = {isa = PBXBuildFile; fileRef = 9509E34322C00B8E000C9F50 /* Array+Extensions.swift */; };
		9509E34622C02110000C9F50 /* AchievementPointsCell.xib in Resources */ = {isa = PBXBuildFile; fileRef = 9509E34522C02110000C9F50 /* AchievementPointsCell.xib */; };
		9509E34822C0215C000C9F50 /* AchievementCategoryCell.xib in Resources */ = {isa = PBXBuildFile; fileRef = 9509E34722C0215C000C9F50 /* AchievementCategoryCell.xib */; };
		9509E34B22C03096000C9F50 /* AchievementsCategoryViewController.swift in Sources */ = {isa = PBXBuildFile; fileRef = 9509E34922C0226B000C9F50 /* AchievementsCategoryViewController.swift */; };
		955FBBF122C04D2600B7DA3F /* AchievementCell.swift in Sources */ = {isa = PBXBuildFile; fileRef = 955FBBF022C04D2600B7DA3F /* AchievementCell.swift */; };
		955FBBF322C04D2D00B7DA3F /* AchievementCell.xib in Resources */ = {isa = PBXBuildFile; fileRef = 955FBBF222C04D2D00B7DA3F /* AchievementCell.xib */; };
		955FBBF522C04F3100B7DA3F /* AchievementListViewController.swift in Sources */ = {isa = PBXBuildFile; fileRef = 955FBBF422C04F3100B7DA3F /* AchievementListViewController.swift */; };
		955FBBF722C0547400B7DA3F /* UIApplication+Extensions.swift in Sources */ = {isa = PBXBuildFile; fileRef = 955FBBF622C0547400B7DA3F /* UIApplication+Extensions.swift */; };
		955FBBF922C0671E00B7DA3F /* UIViewController+Extensions.swift in Sources */ = {isa = PBXBuildFile; fileRef = 955FBBF822C0671E00B7DA3F /* UIViewController+Extensions.swift */; };
		955FBBFB22C0719600B7DA3F /* UITableView+Extensions.swift in Sources */ = {isa = PBXBuildFile; fileRef = 955FBBFA22C0719600B7DA3F /* UITableView+Extensions.swift */; };
		955FBBFD22C071BD00B7DA3F /* UICollectionView+Extensions.swift in Sources */ = {isa = PBXBuildFile; fileRef = 955FBBFC22C071BD00B7DA3F /* UICollectionView+Extensions.swift */; };
		95E24F8E22BD2DE600CFA533 /* AppDelegate.swift in Sources */ = {isa = PBXBuildFile; fileRef = 95E24F8D22BD2DE600CFA533 /* AppDelegate.swift */; };
		95E24F9522BD2DE700CFA533 /* Assets.xcassets in Resources */ = {isa = PBXBuildFile; fileRef = 95E24F9422BD2DE700CFA533 /* Assets.xcassets */; };
		95E24F9822BD2DE700CFA533 /* LaunchScreen.storyboard in Resources */ = {isa = PBXBuildFile; fileRef = 95E24F9622BD2DE700CFA533 /* LaunchScreen.storyboard */; };
		95E24FA522BD2E9B00CFA533 /* Main.storyboard in Resources */ = {isa = PBXBuildFile; fileRef = 95E24FA422BD2E9B00CFA533 /* Main.storyboard */; };
		95E24FA722BD2EC400CFA533 /* MountListViewController.swift in Sources */ = {isa = PBXBuildFile; fileRef = 95E24FA622BD2EC400CFA533 /* MountListViewController.swift */; };
		95E24FAA22BD2F2100CFA533 /* FFXIVCollectService.swift in Sources */ = {isa = PBXBuildFile; fileRef = 95E24FA922BD2F2100CFA533 /* FFXIVCollectService.swift */; };
		95E24FAD22BD2FFC00CFA533 /* Mount.swift in Sources */ = {isa = PBXBuildFile; fileRef = 95E24FAC22BD2FFC00CFA533 /* Mount.swift */; };
		95E24FB322BD380B00CFA533 /* MountDetailsViewController.swift in Sources */ = {isa = PBXBuildFile; fileRef = 95E24FB222BD380B00CFA533 /* MountDetailsViewController.swift */; };
		95E24FBC22BD6A3100CFA533 /* UIImageView+Extensions.swift in Sources */ = {isa = PBXBuildFile; fileRef = 95E24FBB22BD6A3100CFA533 /* UIImageView+Extensions.swift */; };
		95E24FC122BD6F8700CFA533 /* Achievements.storyboard in Resources */ = {isa = PBXBuildFile; fileRef = 95E24FC022BD6F8700CFA533 /* Achievements.storyboard */; };
		95E24FC322BD6F9600CFA533 /* Mounts.storyboard in Resources */ = {isa = PBXBuildFile; fileRef = 95E24FC222BD6F9600CFA533 /* Mounts.storyboard */; };
		95E24FC522BD6F9D00CFA533 /* Minions.storyboard in Resources */ = {isa = PBXBuildFile; fileRef = 95E24FC422BD6F9D00CFA533 /* Minions.storyboard */; };
		95E24FC722BD719E00CFA533 /* Achievement.swift in Sources */ = {isa = PBXBuildFile; fileRef = 95E24FC622BD719E00CFA533 /* Achievement.swift */; };
		95E24FC922BDD35600CFA533 /* MinionListViewController.swift in Sources */ = {isa = PBXBuildFile; fileRef = 95E24FC822BDD35600CFA533 /* MinionListViewController.swift */; };
		95E24FCC22BDD41100CFA533 /* Minion.swift in Sources */ = {isa = PBXBuildFile; fileRef = 95E24FCB22BDD41100CFA533 /* Minion.swift */; };
		95E24FCE22BDDC1B00CFA533 /* TabBarController.swift in Sources */ = {isa = PBXBuildFile; fileRef = 95E24FCD22BDDC1B00CFA533 /* TabBarController.swift */; };
		95E24FD122BEC1A700CFA533 /* CollectionViewCell.swift in Sources */ = {isa = PBXBuildFile; fileRef = 95E24FD022BEC1A700CFA533 /* CollectionViewCell.swift */; };
		95E24FD422BF088500CFA533 /* TTCard.swift in Sources */ = {isa = PBXBuildFile; fileRef = 95E24FD322BF088500CFA533 /* TTCard.swift */; };
		95E24FD622BF28B000CFA533 /* TTPack.swift in Sources */ = {isa = PBXBuildFile; fileRef = 95E24FD522BF28B000CFA533 /* TTPack.swift */; };
		95E24FD922BF299600CFA533 /* TripleTriad.storyboard in Resources */ = {isa = PBXBuildFile; fileRef = 95E24FD822BF299600CFA533 /* TripleTriad.storyboard */; };
		95E24FDC22BF29C100CFA533 /* TTCardsViewController.swift in Sources */ = {isa = PBXBuildFile; fileRef = 95E24FDB22BF29C100CFA533 /* TTCardsViewController.swift */; };
		95E24FE022BF2C1600CFA533 /* TTCardsDetailViewController.swift in Sources */ = {isa = PBXBuildFile; fileRef = 95E24FDF22BF2C1600CFA533 /* TTCardsDetailViewController.swift */; };
		95E24FE222BF2E5700CFA533 /* MinionDetailViewController.swift in Sources */ = {isa = PBXBuildFile; fileRef = 95E24FE122BF2E5700CFA533 /* MinionDetailViewController.swift */; };
		95E24FE422BFA94500CFA533 /* AchievementsViewController.swift in Sources */ = {isa = PBXBuildFile; fileRef = 95E24FE322BFA94500CFA533 /* AchievementsViewController.swift */; };
		95E24FE722BFAA1F00CFA533 /* AchievementPointsCell.swift in Sources */ = {isa = PBXBuildFile; fileRef = 95E24FE622BFAA1F00CFA533 /* AchievementPointsCell.swift */; };
		95E24FEA22BFB61F00CFA533 /* meiryo.ttc in Resources */ = {isa = PBXBuildFile; fileRef = 95E24FE922BFB61E00CFA533 /* meiryo.ttc */; };
		95E24FEE22BFBEDE00CFA533 /* JupiterCondensedSCOsF.ttf in Resources */ = {isa = PBXBuildFile; fileRef = 95E24FEB22BFBBE100CFA533 /* JupiterCondensedSCOsF.ttf */; };
		95E24FF622BFD25300CFA533 /* TableHeaderCell.xib in Resources */ = {isa = PBXBuildFile; fileRef = 95E24FF522BFD25300CFA533 /* TableHeaderCell.xib */; };
		95E24FF822BFD2D000CFA533 /* TableHeaderCell.swift in Sources */ = {isa = PBXBuildFile; fileRef = 95E24FF722BFD2D000CFA533 /* TableHeaderCell.swift */; };
		95E24FFF22BFD45500CFA533 /* FFXIVTheme.swift in Sources */ = {isa = PBXBuildFile; fileRef = 95E24FFE22BFD45500CFA533 /* FFXIVTheme.swift */; };
		95EFFC4922C1B55D00ED97F0 /* String+Extensions.swift in Sources */ = {isa = PBXBuildFile; fileRef = 95EFFC4822C1B55D00ED97F0 /* String+Extensions.swift */; };
		95EFFC5322C1BE8100ED97F0 /* CacheService.swift in Sources */ = {isa = PBXBuildFile; fileRef = 95EFFC5222C1BE8100ED97F0 /* CacheService.swift */; };
/* End PBXBuildFile section */

/* Begin PBXCopyFilesBuildPhase section */
		95EFFC3522C1AF4100ED97F0 /* Embed Frameworks */ = {
			isa = PBXCopyFilesBuildPhase;
			buildActionMask = 2147483647;
			dstPath = "";
			dstSubfolderSpec = 10;
			files = (
			);
			name = "Embed Frameworks";
			runOnlyForDeploymentPostprocessing = 0;
		};
/* End PBXCopyFilesBuildPhase section */

/* Begin PBXFileReference section */
		9509E33D22BFE0C1000C9F50 /* UITabBar+Extensions.swift */ = {isa = PBXFileReference; lastKnownFileType = sourcecode.swift; path = "UITabBar+Extensions.swift"; sourceTree = "<group>"; };
		9509E33F22BFE97C000C9F50 /* UIView+Extensions.swift */ = {isa = PBXFileReference; lastKnownFileType = sourcecode.swift; path = "UIView+Extensions.swift"; sourceTree = "<group>"; };
		9509E34122BFEE4E000C9F50 /* AchievementCategoryCell.swift */ = {isa = PBXFileReference; lastKnownFileType = sourcecode.swift; path = AchievementCategoryCell.swift; sourceTree = "<group>"; };
		9509E34322C00B8E000C9F50 /* Array+Extensions.swift */ = {isa = PBXFileReference; lastKnownFileType = sourcecode.swift; path = "Array+Extensions.swift"; sourceTree = "<group>"; };
		9509E34522C02110000C9F50 /* AchievementPointsCell.xib */ = {isa = PBXFileReference; lastKnownFileType = file.xib; path = AchievementPointsCell.xib; sourceTree = "<group>"; };
		9509E34722C0215C000C9F50 /* AchievementCategoryCell.xib */ = {isa = PBXFileReference; lastKnownFileType = file.xib; path = AchievementCategoryCell.xib; sourceTree = "<group>"; };
		9509E34922C0226B000C9F50 /* AchievementsCategoryViewController.swift */ = {isa = PBXFileReference; lastKnownFileType = sourcecode.swift; path = AchievementsCategoryViewController.swift; sourceTree = "<group>"; };
		955FBBF022C04D2600B7DA3F /* AchievementCell.swift */ = {isa = PBXFileReference; lastKnownFileType = sourcecode.swift; path = AchievementCell.swift; sourceTree = "<group>"; };
		955FBBF222C04D2D00B7DA3F /* AchievementCell.xib */ = {isa = PBXFileReference; lastKnownFileType = file.xib; path = AchievementCell.xib; sourceTree = "<group>"; };
		955FBBF422C04F3100B7DA3F /* AchievementListViewController.swift */ = {isa = PBXFileReference; lastKnownFileType = sourcecode.swift; path = AchievementListViewController.swift; sourceTree = "<group>"; };
		955FBBF622C0547400B7DA3F /* UIApplication+Extensions.swift */ = {isa = PBXFileReference; lastKnownFileType = sourcecode.swift; path = "UIApplication+Extensions.swift"; sourceTree = "<group>"; };
		955FBBF822C0671E00B7DA3F /* UIViewController+Extensions.swift */ = {isa = PBXFileReference; lastKnownFileType = sourcecode.swift; path = "UIViewController+Extensions.swift"; sourceTree = "<group>"; };
		955FBBFA22C0719600B7DA3F /* UITableView+Extensions.swift */ = {isa = PBXFileReference; lastKnownFileType = sourcecode.swift; path = "UITableView+Extensions.swift"; sourceTree = "<group>"; };
		955FBBFC22C071BD00B7DA3F /* UICollectionView+Extensions.swift */ = {isa = PBXFileReference; lastKnownFileType = sourcecode.swift; path = "UICollectionView+Extensions.swift"; sourceTree = "<group>"; };
		95E24F8A22BD2DE600CFA533 /* CollectorReborn.app */ = {isa = PBXFileReference; explicitFileType = wrapper.application; includeInIndex = 0; path = CollectorReborn.app; sourceTree = BUILT_PRODUCTS_DIR; };
		95E24F8D22BD2DE600CFA533 /* AppDelegate.swift */ = {isa = PBXFileReference; lastKnownFileType = sourcecode.swift; path = AppDelegate.swift; sourceTree = "<group>"; };
		95E24F9422BD2DE700CFA533 /* Assets.xcassets */ = {isa = PBXFileReference; lastKnownFileType = folder.assetcatalog; path = Assets.xcassets; sourceTree = "<group>"; };
		95E24F9722BD2DE700CFA533 /* Base */ = {isa = PBXFileReference; lastKnownFileType = file.storyboard; name = Base; path = Base.lproj/LaunchScreen.storyboard; sourceTree = "<group>"; };
		95E24F9922BD2DE700CFA533 /* Info.plist */ = {isa = PBXFileReference; lastKnownFileType = text.plist.xml; path = Info.plist; sourceTree = "<group>"; };
		95E24FA422BD2E9B00CFA533 /* Main.storyboard */ = {isa = PBXFileReference; lastKnownFileType = file.storyboard; path = Main.storyboard; sourceTree = "<group>"; };
		95E24FA622BD2EC400CFA533 /* MountListViewController.swift */ = {isa = PBXFileReference; lastKnownFileType = sourcecode.swift; path = MountListViewController.swift; sourceTree = "<group>"; };
		95E24FA922BD2F2100CFA533 /* FFXIVCollectService.swift */ = {isa = PBXFileReference; lastKnownFileType = sourcecode.swift; path = FFXIVCollectService.swift; sourceTree = "<group>"; };
		95E24FAC22BD2FFC00CFA533 /* Mount.swift */ = {isa = PBXFileReference; lastKnownFileType = sourcecode.swift; path = Mount.swift; sourceTree = "<group>"; };
		95E24FB222BD380B00CFA533 /* MountDetailsViewController.swift */ = {isa = PBXFileReference; lastKnownFileType = sourcecode.swift; path = MountDetailsViewController.swift; sourceTree = "<group>"; };
		95E24FBB22BD6A3100CFA533 /* UIImageView+Extensions.swift */ = {isa = PBXFileReference; lastKnownFileType = sourcecode.swift; path = "UIImageView+Extensions.swift"; sourceTree = "<group>"; };
		95E24FC022BD6F8700CFA533 /* Achievements.storyboard */ = {isa = PBXFileReference; lastKnownFileType = file.storyboard; path = Achievements.storyboard; sourceTree = "<group>"; };
		95E24FC222BD6F9600CFA533 /* Mounts.storyboard */ = {isa = PBXFileReference; lastKnownFileType = file.storyboard; path = Mounts.storyboard; sourceTree = "<group>"; };
		95E24FC422BD6F9D00CFA533 /* Minions.storyboard */ = {isa = PBXFileReference; lastKnownFileType = file.storyboard; path = Minions.storyboard; sourceTree = "<group>"; };
		95E24FC622BD719E00CFA533 /* Achievement.swift */ = {isa = PBXFileReference; lastKnownFileType = sourcecode.swift; path = Achievement.swift; sourceTree = "<group>"; };
		95E24FC822BDD35600CFA533 /* MinionListViewController.swift */ = {isa = PBXFileReference; lastKnownFileType = sourcecode.swift; path = MinionListViewController.swift; sourceTree = "<group>"; };
		95E24FCB22BDD41100CFA533 /* Minion.swift */ = {isa = PBXFileReference; lastKnownFileType = sourcecode.swift; path = Minion.swift; sourceTree = "<group>"; };
		95E24FCD22BDDC1B00CFA533 /* TabBarController.swift */ = {isa = PBXFileReference; lastKnownFileType = sourcecode.swift; path = TabBarController.swift; sourceTree = "<group>"; };
		95E24FD022BEC1A700CFA533 /* CollectionViewCell.swift */ = {isa = PBXFileReference; lastKnownFileType = sourcecode.swift; path = CollectionViewCell.swift; sourceTree = "<group>"; };
		95E24FD322BF088500CFA533 /* TTCard.swift */ = {isa = PBXFileReference; lastKnownFileType = sourcecode.swift; path = TTCard.swift; sourceTree = "<group>"; };
		95E24FD522BF28B000CFA533 /* TTPack.swift */ = {isa = PBXFileReference; lastKnownFileType = sourcecode.swift; path = TTPack.swift; sourceTree = "<group>"; };
		95E24FD822BF299600CFA533 /* TripleTriad.storyboard */ = {isa = PBXFileReference; lastKnownFileType = file.storyboard; path = TripleTriad.storyboard; sourceTree = "<group>"; };
		95E24FDB22BF29C100CFA533 /* TTCardsViewController.swift */ = {isa = PBXFileReference; lastKnownFileType = sourcecode.swift; path = TTCardsViewController.swift; sourceTree = "<group>"; };
		95E24FDF22BF2C1600CFA533 /* TTCardsDetailViewController.swift */ = {isa = PBXFileReference; lastKnownFileType = sourcecode.swift; path = TTCardsDetailViewController.swift; sourceTree = "<group>"; };
		95E24FE122BF2E5700CFA533 /* MinionDetailViewController.swift */ = {isa = PBXFileReference; lastKnownFileType = sourcecode.swift; path = MinionDetailViewController.swift; sourceTree = "<group>"; };
		95E24FE322BFA94500CFA533 /* AchievementsViewController.swift */ = {isa = PBXFileReference; lastKnownFileType = sourcecode.swift; path = AchievementsViewController.swift; sourceTree = "<group>"; };
		95E24FE622BFAA1F00CFA533 /* AchievementPointsCell.swift */ = {isa = PBXFileReference; lastKnownFileType = sourcecode.swift; path = AchievementPointsCell.swift; sourceTree = "<group>"; };
		95E24FE922BFB61E00CFA533 /* meiryo.ttc */ = {isa = PBXFileReference; lastKnownFileType = file; path = meiryo.ttc; sourceTree = "<group>"; };
		95E24FEB22BFBBE100CFA533 /* JupiterCondensedSCOsF.ttf */ = {isa = PBXFileReference; lastKnownFileType = file; path = JupiterCondensedSCOsF.ttf; sourceTree = "<group>"; };
		95E24FF522BFD25300CFA533 /* TableHeaderCell.xib */ = {isa = PBXFileReference; lastKnownFileType = file.xib; path = TableHeaderCell.xib; sourceTree = "<group>"; };
		95E24FF722BFD2D000CFA533 /* TableHeaderCell.swift */ = {isa = PBXFileReference; lastKnownFileType = sourcecode.swift; path = TableHeaderCell.swift; sourceTree = "<group>"; };
		95E24FFE22BFD45500CFA533 /* FFXIVTheme.swift */ = {isa = PBXFileReference; lastKnownFileType = sourcecode.swift; path = FFXIVTheme.swift; sourceTree = "<group>"; };
		95EFFC4822C1B55D00ED97F0 /* String+Extensions.swift */ = {isa = PBXFileReference; lastKnownFileType = sourcecode.swift; path = "String+Extensions.swift"; sourceTree = "<group>"; };
		95EFFC5222C1BE8100ED97F0 /* CacheService.swift */ = {isa = PBXFileReference; lastKnownFileType = sourcecode.swift; path = CacheService.swift; sourceTree = "<group>"; };
/* End PBXFileReference section */

/* Begin PBXFrameworksBuildPhase section */
		95E24F8722BD2DE600CFA533 /* Frameworks */ = {
			isa = PBXFrameworksBuildPhase;
			buildActionMask = 2147483647;
			files = (
			);
			runOnlyForDeploymentPostprocessing = 0;
		};
/* End PBXFrameworksBuildPhase section */

/* Begin PBXGroup section */
		95E24F8122BD2DE600CFA533 = {
			isa = PBXGroup;
			children = (
				95E24F8C22BD2DE600CFA533 /* CollectorReborn */,
				95E24F8B22BD2DE600CFA533 /* Products */,
			);
			sourceTree = "<group>";
		};
		95E24F8B22BD2DE600CFA533 /* Products */ = {
			isa = PBXGroup;
			children = (
				95E24F8A22BD2DE600CFA533 /* CollectorReborn.app */,
			);
			name = Products;
			sourceTree = "<group>";
		};
		95E24F8C22BD2DE600CFA533 /* CollectorReborn */ = {
			isa = PBXGroup;
			children = (
				95E24FE822BFB61500CFA533 /* Resources */,
				95E24FBA22BD6A2700CFA533 /* Extensions */,
				95E24FA122BD2E4600CFA533 /* Model */,
				95E24FA022BD2E4300CFA533 /* View */,
				95E24F9F22BD2E3C00CFA533 /* Controller */,
				95E24FA222BD2E5100CFA533 /* Storyboards */,
				95E24F8D22BD2DE600CFA533 /* AppDelegate.swift */,
				95E24F9422BD2DE700CFA533 /* Assets.xcassets */,
				95E24F9622BD2DE700CFA533 /* LaunchScreen.storyboard */,
				95E24F9922BD2DE700CFA533 /* Info.plist */,
			);
			path = CollectorReborn;
			sourceTree = "<group>";
		};
		95E24F9F22BD2E3C00CFA533 /* Controller */ = {
			isa = PBXGroup;
			children = (
				95E24FCD22BDDC1B00CFA533 /* TabBarController.swift */,
				95E24FB422BD5B9700CFA533 /* Achievements */,
				95E24FB522BD5B9B00CFA533 /* Mounts */,
				95E24FB622BD5B9F00CFA533 /* Minions */,
				95E24FDA22BF299E00CFA533 /* TripleTriad */,
			);
			path = Controller;
			sourceTree = "<group>";
		};
		95E24FA022BD2E4300CFA533 /* View */ = {
			isa = PBXGroup;
			children = (
				95E24FF422BFD24100CFA533 /* UICollectionView */,
				95E24FF322BFD23C00CFA533 /* UITableView */,
				95E24FE522BFAA1300CFA533 /* Achievements */,
			);
			path = View;
			sourceTree = "<group>";
		};
		95E24FA122BD2E4600CFA533 /* Model */ = {
			isa = PBXGroup;
			children = (
				95E24FA822BD2F1600CFA533 /* Service */,
				95E24FBD22BD6CE500CFA533 /* Achievement */,
				95E24FAB22BD2FF400CFA533 /* Mount */,
				95E24FCA22BDD3F700CFA533 /* Minion */,
				95E24FD222BF087700CFA533 /* Triple Triad */,
			);
			path = Model;
			sourceTree = "<group>";
		};
		95E24FA222BD2E5100CFA533 /* Storyboards */ = {
			isa = PBXGroup;
			children = (
				95E24FA422BD2E9B00CFA533 /* Main.storyboard */,
				95E24FC022BD6F8700CFA533 /* Achievements.storyboard */,
				95E24FC222BD6F9600CFA533 /* Mounts.storyboard */,
				95E24FC422BD6F9D00CFA533 /* Minions.storyboard */,
				95E24FD822BF299600CFA533 /* TripleTriad.storyboard */,
			);
			path = Storyboards;
			sourceTree = "<group>";
		};
		95E24FA822BD2F1600CFA533 /* Service */ = {
			isa = PBXGroup;
			children = (
				95EFFC5222C1BE8100ED97F0 /* CacheService.swift */,
				95E24FA922BD2F2100CFA533 /* FFXIVCollectService.swift */,
			);
			path = Service;
			sourceTree = "<group>";
		};
		95E24FAB22BD2FF400CFA533 /* Mount */ = {
			isa = PBXGroup;
			children = (
				95E24FAC22BD2FFC00CFA533 /* Mount.swift */,
			);
			path = Mount;
			sourceTree = "<group>";
		};
		95E24FB422BD5B9700CFA533 /* Achievements */ = {
			isa = PBXGroup;
			children = (
				95E24FE322BFA94500CFA533 /* AchievementsViewController.swift */,
				9509E34922C0226B000C9F50 /* AchievementsCategoryViewController.swift */,
				955FBBF422C04F3100B7DA3F /* AchievementListViewController.swift */,
			);
			path = Achievements;
			sourceTree = "<group>";
		};
		95E24FB522BD5B9B00CFA533 /* Mounts */ = {
			isa = PBXGroup;
			children = (
				95E24FA622BD2EC400CFA533 /* MountListViewController.swift */,
				95E24FB222BD380B00CFA533 /* MountDetailsViewController.swift */,
			);
			path = Mounts;
			sourceTree = "<group>";
		};
		95E24FB622BD5B9F00CFA533 /* Minions */ = {
			isa = PBXGroup;
			children = (
				95E24FC822BDD35600CFA533 /* MinionListViewController.swift */,
				95E24FE122BF2E5700CFA533 /* MinionDetailViewController.swift */,
			);
			path = Minions;
			sourceTree = "<group>";
		};
		95E24FBA22BD6A2700CFA533 /* Extensions */ = {
			isa = PBXGroup;
			children = (
				95E24FBB22BD6A3100CFA533 /* UIImageView+Extensions.swift */,
				955FBBF622C0547400B7DA3F /* UIApplication+Extensions.swift */,
				9509E33D22BFE0C1000C9F50 /* UITabBar+Extensions.swift */,
				9509E33F22BFE97C000C9F50 /* UIView+Extensions.swift */,
				9509E34322C00B8E000C9F50 /* Array+Extensions.swift */,
				955FBBF822C0671E00B7DA3F /* UIViewController+Extensions.swift */,
				955FBBFA22C0719600B7DA3F /* UITableView+Extensions.swift */,
				955FBBFC22C071BD00B7DA3F /* UICollectionView+Extensions.swift */,
				95EFFC4822C1B55D00ED97F0 /* String+Extensions.swift */,
			);
			path = Extensions;
			sourceTree = "<group>";
		};
		95E24FBD22BD6CE500CFA533 /* Achievement */ = {
			isa = PBXGroup;
			children = (
				95E24FC622BD719E00CFA533 /* Achievement.swift */,
			);
			path = Achievement;
			sourceTree = "<group>";
		};
		95E24FCA22BDD3F700CFA533 /* Minion */ = {
			isa = PBXGroup;
			children = (
				95E24FCB22BDD41100CFA533 /* Minion.swift */,
			);
			path = Minion;
			sourceTree = "<group>";
		};
		95E24FD222BF087700CFA533 /* Triple Triad */ = {
			isa = PBXGroup;
			children = (
				95E24FD322BF088500CFA533 /* TTCard.swift */,
				95E24FD522BF28B000CFA533 /* TTPack.swift */,
			);
			path = "Triple Triad";
			sourceTree = "<group>";
		};
		95E24FDA22BF299E00CFA533 /* TripleTriad */ = {
			isa = PBXGroup;
			children = (
				95E24FDB22BF29C100CFA533 /* TTCardsViewController.swift */,
				95E24FDF22BF2C1600CFA533 /* TTCardsDetailViewController.swift */,
			);
			path = TripleTriad;
			sourceTree = "<group>";
		};
		95E24FE522BFAA1300CFA533 /* Achievements */ = {
			isa = PBXGroup;
			children = (
				9509E34522C02110000C9F50 /* AchievementPointsCell.xib */,
				95E24FE622BFAA1F00CFA533 /* AchievementPointsCell.swift */,
				9509E34722C0215C000C9F50 /* AchievementCategoryCell.xib */,
				9509E34122BFEE4E000C9F50 /* AchievementCategoryCell.swift */,
				955FBBF222C04D2D00B7DA3F /* AchievementCell.xib */,
				955FBBF022C04D2600B7DA3F /* AchievementCell.swift */,
			);
			path = Achievements;
			sourceTree = "<group>";
		};
		95E24FE822BFB61500CFA533 /* Resources */ = {
			isa = PBXGroup;
			children = (
				95E24FFD22BFD44900CFA533 /* Color */,
				95E24FFC22BFD43200CFA533 /* Fonts */,
			);
			path = Resources;
			sourceTree = "<group>";
		};
		95E24FF322BFD23C00CFA533 /* UITableView */ = {
			isa = PBXGroup;
			children = (
				95E24FF522BFD25300CFA533 /* TableHeaderCell.xib */,
				95E24FF722BFD2D000CFA533 /* TableHeaderCell.swift */,
			);
			path = UITableView;
			sourceTree = "<group>";
		};
		95E24FF422BFD24100CFA533 /* UICollectionView */ = {
			isa = PBXGroup;
			children = (
				95E24FD022BEC1A700CFA533 /* CollectionViewCell.swift */,
			);
			path = UICollectionView;
			sourceTree = "<group>";
		};
		95E24FFC22BFD43200CFA533 /* Fonts */ = {
			isa = PBXGroup;
			children = (
				95E24FEB22BFBBE100CFA533 /* JupiterCondensedSCOsF.ttf */,
				95E24FE922BFB61E00CFA533 /* meiryo.ttc */,
			);
			path = Fonts;
			sourceTree = "<group>";
		};
		95E24FFD22BFD44900CFA533 /* Color */ = {
			isa = PBXGroup;
			children = (
				95E24FFE22BFD45500CFA533 /* FFXIVTheme.swift */,
			);
			path = Color;
			sourceTree = "<group>";
		};
/* End PBXGroup section */

/* Begin PBXNativeTarget section */
		95E24F8922BD2DE600CFA533 /* CollectorReborn */ = {
			isa = PBXNativeTarget;
			buildConfigurationList = 95E24F9C22BD2DE700CFA533 /* Build configuration list for PBXNativeTarget "CollectorReborn" */;
			buildPhases = (
				95E24F8622BD2DE600CFA533 /* Sources */,
				95E24F8722BD2DE600CFA533 /* Frameworks */,
				95E24F8822BD2DE600CFA533 /* Resources */,
				95EFFC3522C1AF4100ED97F0 /* Embed Frameworks */,
			);
			buildRules = (
			);
			dependencies = (
			);
			name = CollectorReborn;
			productName = CollectorReborn;
			productReference = 95E24F8A22BD2DE600CFA533 /* CollectorReborn.app */;
			productType = "com.apple.product-type.application";
		};
/* End PBXNativeTarget section */

/* Begin PBXProject section */
		95E24F8222BD2DE600CFA533 /* Project object */ = {
			isa = PBXProject;
			attributes = {
				LastSwiftUpdateCheck = 1020;
				LastUpgradeCheck = 1020;
				ORGANIZATIONNAME = "ToraCross Studios";
				TargetAttributes = {
					95E24F8922BD2DE600CFA533 = {
						CreatedOnToolsVersion = 10.2;
					};
				};
			};
			buildConfigurationList = 95E24F8522BD2DE600CFA533 /* Build configuration list for PBXProject "CollectorReborn" */;
			compatibilityVersion = "Xcode 9.3";
			developmentRegion = en;
			hasScannedForEncodings = 0;
			knownRegions = (
				en,
				Base,
			);
			mainGroup = 95E24F8122BD2DE600CFA533;
			productRefGroup = 95E24F8B22BD2DE600CFA533 /* Products */;
			projectDirPath = "";
			projectRoot = "";
			targets = (
				95E24F8922BD2DE600CFA533 /* CollectorReborn */,
			);
		};
/* End PBXProject section */

/* Begin PBXResourcesBuildPhase section */
		95E24F8822BD2DE600CFA533 /* Resources */ = {
			isa = PBXResourcesBuildPhase;
			buildActionMask = 2147483647;
			files = (
				9509E34622C02110000C9F50 /* AchievementPointsCell.xib in Resources */,
				95E24FEA22BFB61F00CFA533 /* meiryo.ttc in Resources */,
				95E24FA522BD2E9B00CFA533 /* Main.storyboard in Resources */,
				955FBBF322C04D2D00B7DA3F /* AchievementCell.xib in Resources */,
				95E24F9822BD2DE700CFA533 /* LaunchScreen.storyboard in Resources */,
				95E24FF622BFD25300CFA533 /* TableHeaderCell.xib in Resources */,
				95E24FEE22BFBEDE00CFA533 /* JupiterCondensedSCOsF.ttf in Resources */,
				95E24FC522BD6F9D00CFA533 /* Minions.storyboard in Resources */,
				95E24FD922BF299600CFA533 /* TripleTriad.storyboard in Resources */,
				95E24FC322BD6F9600CFA533 /* Mounts.storyboard in Resources */,
				95E24FC122BD6F8700CFA533 /* Achievements.storyboard in Resources */,
				95E24F9522BD2DE700CFA533 /* Assets.xcassets in Resources */,
				9509E34822C0215C000C9F50 /* AchievementCategoryCell.xib in Resources */,
			);
			runOnlyForDeploymentPostprocessing = 0;
		};
/* End PBXResourcesBuildPhase section */

/* Begin PBXSourcesBuildPhase section */
		95E24F8622BD2DE600CFA533 /* Sources */ = {
			isa = PBXSourcesBuildPhase;
			buildActionMask = 2147483647;
			files = (
				95E24FA722BD2EC400CFA533 /* MountListViewController.swift in Sources */,
				95EFFC4922C1B55D00ED97F0 /* String+Extensions.swift in Sources */,
				95E24FF822BFD2D000CFA533 /* TableHeaderCell.swift in Sources */,
				95E24FD122BEC1A700CFA533 /* CollectionViewCell.swift in Sources */,
				95E24FDC22BF29C100CFA533 /* TTCardsViewController.swift in Sources */,
				95E24FAD22BD2FFC00CFA533 /* Mount.swift in Sources */,
				955FBBF722C0547400B7DA3F /* UIApplication+Extensions.swift in Sources */,
				955FBBFD22C071BD00B7DA3F /* UICollectionView+Extensions.swift in Sources */,
				95E24FCE22BDDC1B00CFA533 /* TabBarController.swift in Sources */,
				9509E34422C00B8E000C9F50 /* Array+Extensions.swift in Sources */,
				95E24FFF22BFD45500CFA533 /* FFXIVTheme.swift in Sources */,
				9509E33E22BFE0C1000C9F50 /* UITabBar+Extensions.swift in Sources */,
				95E24FE222BF2E5700CFA533 /* MinionDetailViewController.swift in Sources */,
				95E24FD622BF28B000CFA533 /* TTPack.swift in Sources */,
				955FBBF122C04D2600B7DA3F /* AchievementCell.swift in Sources */,
				95EFFC5322C1BE8100ED97F0 /* CacheService.swift in Sources */,
				95E24FE722BFAA1F00CFA533 /* AchievementPointsCell.swift in Sources */,
				95E24FC922BDD35600CFA533 /* MinionListViewController.swift in Sources */,
				955FBBFB22C0719600B7DA3F /* UITableView+Extensions.swift in Sources */,
				95E24FAA22BD2F2100CFA533 /* FFXIVCollectService.swift in Sources */,
				9509E34022BFE97C000C9F50 /* UIView+Extensions.swift in Sources */,
				95E24FB322BD380B00CFA533 /* MountDetailsViewController.swift in Sources */,
				9509E34222BFEE4E000C9F50 /* AchievementCategoryCell.swift in Sources */,
				95E24FE422BFA94500CFA533 /* AchievementsViewController.swift in Sources */,
				95E24FE022BF2C1600CFA533 /* TTCardsDetailViewController.swift in Sources */,
				9509E34B22C03096000C9F50 /* AchievementsCategoryViewController.swift in Sources */,
				95E24FCC22BDD41100CFA533 /* Minion.swift in Sources */,
				95E24FD422BF088500CFA533 /* TTCard.swift in Sources */,
				95E24FC722BD719E00CFA533 /* Achievement.swift in Sources */,
				95E24FBC22BD6A3100CFA533 /* UIImageView+Extensions.swift in Sources */,
				955FBBF522C04F3100B7DA3F /* AchievementListViewController.swift in Sources */,
				95E24F8E22BD2DE600CFA533 /* AppDelegate.swift in Sources */,
				955FBBF922C0671E00B7DA3F /* UIViewController+Extensions.swift in Sources */,
			);
			runOnlyForDeploymentPostprocessing = 0;
		};
/* End PBXSourcesBuildPhase section */

/* Begin PBXVariantGroup section */
		95E24F9622BD2DE700CFA533 /* LaunchScreen.storyboard */ = {
			isa = PBXVariantGroup;
			children = (
				95E24F9722BD2DE700CFA533 /* Base */,
			);
			name = LaunchScreen.storyboard;
			sourceTree = "<group>";
		};
/* End PBXVariantGroup section */

/* Begin XCBuildConfiguration section */
		95E24F9A22BD2DE700CFA533 /* Debug */ = {
			isa = XCBuildConfiguration;
			buildSettings = {
				ALWAYS_SEARCH_USER_PATHS = NO;
				CLANG_ANALYZER_NONNULL = YES;
				CLANG_ANALYZER_NUMBER_OBJECT_CONVERSION = YES_AGGRESSIVE;
				CLANG_CXX_LANGUAGE_STANDARD = "gnu++14";
				CLANG_CXX_LIBRARY = "libc++";
				CLANG_ENABLE_MODULES = YES;
				CLANG_ENABLE_OBJC_ARC = YES;
				CLANG_ENABLE_OBJC_WEAK = YES;
				CLANG_WARN_BLOCK_CAPTURE_AUTORELEASING = YES;
				CLANG_WARN_BOOL_CONVERSION = YES;
				CLANG_WARN_COMMA = YES;
				CLANG_WARN_CONSTANT_CONVERSION = YES;
				CLANG_WARN_DEPRECATED_OBJC_IMPLEMENTATIONS = YES;
				CLANG_WARN_DIRECT_OBJC_ISA_USAGE = YES_ERROR;
				CLANG_WARN_DOCUMENTATION_COMMENTS = YES;
				CLANG_WARN_EMPTY_BODY = YES;
				CLANG_WARN_ENUM_CONVERSION = YES;
				CLANG_WARN_INFINITE_RECURSION = YES;
				CLANG_WARN_INT_CONVERSION = YES;
				CLANG_WARN_NON_LITERAL_NULL_CONVERSION = YES;
				CLANG_WARN_OBJC_IMPLICIT_RETAIN_SELF = YES;
				CLANG_WARN_OBJC_LITERAL_CONVERSION = YES;
				CLANG_WARN_OBJC_ROOT_CLASS = YES_ERROR;
				CLANG_WARN_RANGE_LOOP_ANALYSIS = YES;
				CLANG_WARN_STRICT_PROTOTYPES = YES;
				CLANG_WARN_SUSPICIOUS_MOVE = YES;
				CLANG_WARN_UNGUARDED_AVAILABILITY = YES_AGGRESSIVE;
				CLANG_WARN_UNREACHABLE_CODE = YES;
				CLANG_WARN__DUPLICATE_METHOD_MATCH = YES;
				CODE_SIGN_IDENTITY = "iPhone Developer";
				COPY_PHASE_STRIP = NO;
				DEBUG_INFORMATION_FORMAT = dwarf;
				ENABLE_STRICT_OBJC_MSGSEND = YES;
				ENABLE_TESTABILITY = YES;
				GCC_C_LANGUAGE_STANDARD = gnu11;
				GCC_DYNAMIC_NO_PIC = NO;
				GCC_NO_COMMON_BLOCKS = YES;
				GCC_OPTIMIZATION_LEVEL = 0;
				GCC_PREPROCESSOR_DEFINITIONS = (
					"DEBUG=1",
					"$(inherited)",
				);
				GCC_WARN_64_TO_32_BIT_CONVERSION = YES;
				GCC_WARN_ABOUT_RETURN_TYPE = YES_ERROR;
				GCC_WARN_UNDECLARED_SELECTOR = YES;
				GCC_WARN_UNINITIALIZED_AUTOS = YES_AGGRESSIVE;
				GCC_WARN_UNUSED_FUNCTION = YES;
				GCC_WARN_UNUSED_VARIABLE = YES;
				IPHONEOS_DEPLOYMENT_TARGET = 12.2;
				MTL_ENABLE_DEBUG_INFO = INCLUDE_SOURCE;
				MTL_FAST_MATH = YES;
				ONLY_ACTIVE_ARCH = YES;
				SDKROOT = iphoneos;
				SWIFT_ACTIVE_COMPILATION_CONDITIONS = DEBUG;
				SWIFT_OPTIMIZATION_LEVEL = "-Onone";
			};
			name = Debug;
		};
		95E24F9B22BD2DE700CFA533 /* Release */ = {
			isa = XCBuildConfiguration;
			buildSettings = {
				ALWAYS_SEARCH_USER_PATHS = NO;
				CLANG_ANALYZER_NONNULL = YES;
				CLANG_ANALYZER_NUMBER_OBJECT_CONVERSION = YES_AGGRESSIVE;
				CLANG_CXX_LANGUAGE_STANDARD = "gnu++14";
				CLANG_CXX_LIBRARY = "libc++";
				CLANG_ENABLE_MODULES = YES;
				CLANG_ENABLE_OBJC_ARC = YES;
				CLANG_ENABLE_OBJC_WEAK = YES;
				CLANG_WARN_BLOCK_CAPTURE_AUTORELEASING = YES;
				CLANG_WARN_BOOL_CONVERSION = YES;
				CLANG_WARN_COMMA = YES;
				CLANG_WARN_CONSTANT_CONVERSION = YES;
				CLANG_WARN_DEPRECATED_OBJC_IMPLEMENTATIONS = YES;
				CLANG_WARN_DIRECT_OBJC_ISA_USAGE = YES_ERROR;
				CLANG_WARN_DOCUMENTATION_COMMENTS = YES;
				CLANG_WARN_EMPTY_BODY = YES;
				CLANG_WARN_ENUM_CONVERSION = YES;
				CLANG_WARN_INFINITE_RECURSION = YES;
				CLANG_WARN_INT_CONVERSION = YES;
				CLANG_WARN_NON_LITERAL_NULL_CONVERSION = YES;
				CLANG_WARN_OBJC_IMPLICIT_RETAIN_SELF = YES;
				CLANG_WARN_OBJC_LITERAL_CONVERSION = YES;
				CLANG_WARN_OBJC_ROOT_CLASS = YES_ERROR;
				CLANG_WARN_RANGE_LOOP_ANALYSIS = YES;
				CLANG_WARN_STRICT_PROTOTYPES = YES;
				CLANG_WARN_SUSPICIOUS_MOVE = YES;
				CLANG_WARN_UNGUARDED_AVAILABILITY = YES_AGGRESSIVE;
				CLANG_WARN_UNREACHABLE_CODE = YES;
				CLANG_WARN__DUPLICATE_METHOD_MATCH = YES;
				CODE_SIGN_IDENTITY = "iPhone Developer";
				COPY_PHASE_STRIP = NO;
				DEBUG_INFORMATION_FORMAT = "dwarf-with-dsym";
				ENABLE_NS_ASSERTIONS = NO;
				ENABLE_STRICT_OBJC_MSGSEND = YES;
				GCC_C_LANGUAGE_STANDARD = gnu11;
				GCC_NO_COMMON_BLOCKS = YES;
				GCC_WARN_64_TO_32_BIT_CONVERSION = YES;
				GCC_WARN_ABOUT_RETURN_TYPE = YES_ERROR;
				GCC_WARN_UNDECLARED_SELECTOR = YES;
				GCC_WARN_UNINITIALIZED_AUTOS = YES_AGGRESSIVE;
				GCC_WARN_UNUSED_FUNCTION = YES;
				GCC_WARN_UNUSED_VARIABLE = YES;
				IPHONEOS_DEPLOYMENT_TARGET = 12.2;
				MTL_ENABLE_DEBUG_INFO = NO;
				MTL_FAST_MATH = YES;
				SDKROOT = iphoneos;
				SWIFT_COMPILATION_MODE = wholemodule;
				SWIFT_OPTIMIZATION_LEVEL = "-O";
				VALIDATE_PRODUCT = YES;
			};
			name = Release;
		};
		95E24F9D22BD2DE700CFA533 /* Debug */ = {
			isa = XCBuildConfiguration;
			buildSettings = {
				ASSETCATALOG_COMPILER_APPICON_NAME = AppIcon;
				CODE_SIGN_STYLE = Automatic;
				DEVELOPMENT_TEAM = NG6UM76K5M;
				FRAMEWORK_SEARCH_PATHS = (
					"$(inherited)",
					"$(PROJECT_DIR)",
				);
				INFOPLIST_FILE = CollectorReborn/Info.plist;
				IPHONEOS_DEPLOYMENT_TARGET = 12.0;
				LD_RUNPATH_SEARCH_PATHS = (
					"$(inherited)",
					"@executable_path/Frameworks",
				);
				PRODUCT_BUNDLE_IDENTIFIER = com.toracross.CollectorReborn;
				PRODUCT_NAME = "$(TARGET_NAME)";
				SWIFT_VERSION = 5.0;
				TARGETED_DEVICE_FAMILY = 1;
			};
			name = Debug;
		};
		95E24F9E22BD2DE700CFA533 /* Release */ = {
			isa = XCBuildConfiguration;
			buildSettings = {
				ASSETCATALOG_COMPILER_APPICON_NAME = AppIcon;
				CODE_SIGN_STYLE = Automatic;
				DEVELOPMENT_TEAM = NG6UM76K5M;
				FRAMEWORK_SEARCH_PATHS = (
					"$(inherited)",
					"$(PROJECT_DIR)",
				);
				INFOPLIST_FILE = CollectorReborn/Info.plist;
				IPHONEOS_DEPLOYMENT_TARGET = 12.0;
				LD_RUNPATH_SEARCH_PATHS = (
					"$(inherited)",
					"@executable_path/Frameworks",
				);
				PRODUCT_BUNDLE_IDENTIFIER = com.toracross.CollectorReborn;
				PRODUCT_NAME = "$(TARGET_NAME)";
				SWIFT_VERSION = 5.0;
				TARGETED_DEVICE_FAMILY = 1;
			};
			name = Release;
		};
/* End XCBuildConfiguration section */

/* Begin XCConfigurationList section */
		95E24F8522BD2DE600CFA533 /* Build configuration list for PBXProject "CollectorReborn" */ = {
			isa = XCConfigurationList;
			buildConfigurations = (
				95E24F9A22BD2DE700CFA533 /* Debug */,
				95E24F9B22BD2DE700CFA533 /* Release */,
			);
			defaultConfigurationIsVisible = 0;
			defaultConfigurationName = Release;
		};
		95E24F9C22BD2DE700CFA533 /* Build configuration list for PBXNativeTarget "CollectorReborn" */ = {
			isa = XCConfigurationList;
			buildConfigurations = (
				95E24F9D22BD2DE700CFA533 /* Debug */,
				95E24F9E22BD2DE700CFA533 /* Release */,
			);
			defaultConfigurationIsVisible = 0;
			defaultConfigurationName = Release;
		};
/* End XCConfigurationList section */
	};
	rootObject = 95E24F8222BD2DE600CFA533 /* Project object */;
}
